
Microsoft Visual Studio Solution File, Format Version 12.00
# Visual Studio Version 16
VisualStudioVersion = 16.0.29806.167
MinimumVisualStudioVersion = 10.0.40219.1
Project("{FAE04EC0-301F-11D3-BF4B-00C04F79EFBC}") = "carantin_dz_1", "carantin_dz_1\carantin_dz_1.csproj", "{365F6EA2-EEEB-4EFC-9DF3-A18FA9C2BF2C}"
EndProject
Global
	GlobalSection(SolutionConfigurationPlatforms) = preSolution
		Debug|Any CPU = Debug|Any CPU
		Release|Any CPU = Release|Any CPU
	EndGlobalSection
	GlobalSection(ProjectConfigurationPlatforms) = postSolution
		{365F6EA2-EEEB-4EFC-9DF3-A18FA9C2BF2C}.Debug|Any CPU.ActiveCfg = Debug|Any CPU
		{365F6EA2-EEEB-4EFC-9DF3-A18FA9C2BF2C}.Debug|Any CPU.Build.0 = Debug|Any CPU
		{365F6EA2-EEEB-4EFC-9DF3-A18FA9C2BF2C}.Release|Any CPU.ActiveCfg = Release|Any CPU
		{365F6EA2-EEEB-4EFC-9DF3-A18FA9C2BF2C}.Release|Any CPU.Build.0 = Release|Any CPU
	EndGlobalSection
	GlobalSection(SolutionProperties) = preSolution
		HideSolutionNode = FALSE
	EndGlobalSection
	GlobalSection(ExtensibilityGlobals) = postSolution
		SolutionGuid = {BC436C63-1D09-44CB-8441-D0CF6C5612B8}
	EndGlobalSection
EndGlobal
