
Microsoft Visual Studio Solution File, Format Version 12.00
# Visual Studio 15
VisualStudioVersion = 15.0.28010.2048
MinimumVisualStudioVersion = 10.0.40219.1
Project("{FAE04EC0-301F-11D3-BF4B-00C04F79EFBC}") = "Lab_1", "Lab_1\Lab_1.csproj", "{400B595A-91A8-4023-8A60-F9C76A751B6A}"
EndProject
Project("{FAE04EC0-301F-11D3-BF4B-00C04F79EFBC}") = "Lab_2", "Lab_2\Lab_2.csproj", "{38CCB900-5E93-458F-B3E9-532B0129D0EC}"
EndProject
Project("{FAE04EC0-301F-11D3-BF4B-00C04F79EFBC}") = "Lab_4", "Lab_4\Lab_4.csproj", "{421CBBAA-3EEB-409A-9CE7-6750B5E40A3A}"
EndProject
Project("{FAE04EC0-301F-11D3-BF4B-00C04F79EFBC}") = "Lab_3", "Lab_3\Lab_3.csproj", "{158CB147-32E2-46DE-8635-7811B719B495}"
EndProject
Project("{FAE04EC0-301F-11D3-BF4B-00C04F79EFBC}") = "Lab_5", "Lab_5\Lab_5.csproj", "{233A687F-886D-469C-8D13-95F5F6C548A3}"
EndProject
Project("{FAE04EC0-301F-11D3-BF4B-00C04F79EFBC}") = "Lab_6", "Lab_6\Lab_6.csproj", "{B849E7CA-2750-4B42-A1C5-BA79677D0A7B}"
EndProject
Project("{FAE04EC0-301F-11D3-BF4B-00C04F79EFBC}") = "Lab_7", "Lab_7\Lab_7.csproj", "{AC308F41-58CA-4D88-A7B0-D02109A808D5}"
EndProject
Project("{FAE04EC0-301F-11D3-BF4B-00C04F79EFBC}") = "Lab_8", "Lab_8\Lab_8.csproj", "{1749972B-49E3-4C8D-90B4-EE7A650FFCB9}"
EndProject
Project("{FAE04EC0-301F-11D3-BF4B-00C04F79EFBC}") = "Lab_8.2", "Lab_8.2\Lab_8.2.csproj", "{DFF34252-78F3-49EF-890C-9ED8FF3ACD0C}"
EndProject
Project("{FAE04EC0-301F-11D3-BF4B-00C04F79EFBC}") = "Lab_9", "Lab_9\Lab_9.csproj", "{BF2ED5B5-807F-46E8-BE6E-D66D02090755}"
EndProject
Global
	GlobalSection(SolutionConfigurationPlatforms) = preSolution
		Debug|Any CPU = Debug|Any CPU
		Release|Any CPU = Release|Any CPU
	EndGlobalSection
	GlobalSection(ProjectConfigurationPlatforms) = postSolution
		{400B595A-91A8-4023-8A60-F9C76A751B6A}.Debug|Any CPU.ActiveCfg = Debug|Any CPU
		{400B595A-91A8-4023-8A60-F9C76A751B6A}.Debug|Any CPU.Build.0 = Debug|Any CPU
		{400B595A-91A8-4023-8A60-F9C76A751B6A}.Release|Any CPU.ActiveCfg = Release|Any CPU
		{400B595A-91A8-4023-8A60-F9C76A751B6A}.Release|Any CPU.Build.0 = Release|Any CPU
		{38CCB900-5E93-458F-B3E9-532B0129D0EC}.Debug|Any CPU.ActiveCfg = Debug|Any CPU
		{38CCB900-5E93-458F-B3E9-532B0129D0EC}.Debug|Any CPU.Build.0 = Debug|Any CPU
		{38CCB900-5E93-458F-B3E9-532B0129D0EC}.Release|Any CPU.ActiveCfg = Release|Any CPU
		{38CCB900-5E93-458F-B3E9-532B0129D0EC}.Release|Any CPU.Build.0 = Release|Any CPU
		{421CBBAA-3EEB-409A-9CE7-6750B5E40A3A}.Debug|Any CPU.ActiveCfg = Debug|Any CPU
		{421CBBAA-3EEB-409A-9CE7-6750B5E40A3A}.Debug|Any CPU.Build.0 = Debug|Any CPU
		{421CBBAA-3EEB-409A-9CE7-6750B5E40A3A}.Release|Any CPU.ActiveCfg = Release|Any CPU
		{421CBBAA-3EEB-409A-9CE7-6750B5E40A3A}.Release|Any CPU.Build.0 = Release|Any CPU
		{158CB147-32E2-46DE-8635-7811B719B495}.Debug|Any CPU.ActiveCfg = Debug|Any CPU
		{158CB147-32E2-46DE-8635-7811B719B495}.Debug|Any CPU.Build.0 = Debug|Any CPU
		{158CB147-32E2-46DE-8635-7811B719B495}.Release|Any CPU.ActiveCfg = Release|Any CPU
		{158CB147-32E2-46DE-8635-7811B719B495}.Release|Any CPU.Build.0 = Release|Any CPU
		{233A687F-886D-469C-8D13-95F5F6C548A3}.Debug|Any CPU.ActiveCfg = Debug|Any CPU
		{233A687F-886D-469C-8D13-95F5F6C548A3}.Debug|Any CPU.Build.0 = Debug|Any CPU
		{233A687F-886D-469C-8D13-95F5F6C548A3}.Release|Any CPU.ActiveCfg = Release|Any CPU
		{233A687F-886D-469C-8D13-95F5F6C548A3}.Release|Any CPU.Build.0 = Release|Any CPU
		{B849E7CA-2750-4B42-A1C5-BA79677D0A7B}.Debug|Any CPU.ActiveCfg = Debug|Any CPU
		{B849E7CA-2750-4B42-A1C5-BA79677D0A7B}.Debug|Any CPU.Build.0 = Debug|Any CPU
		{B849E7CA-2750-4B42-A1C5-BA79677D0A7B}.Release|Any CPU.ActiveCfg = Release|Any CPU
		{B849E7CA-2750-4B42-A1C5-BA79677D0A7B}.Release|Any CPU.Build.0 = Release|Any CPU
		{AC308F41-58CA-4D88-A7B0-D02109A808D5}.Debug|Any CPU.ActiveCfg = Debug|Any CPU
		{AC308F41-58CA-4D88-A7B0-D02109A808D5}.Debug|Any CPU.Build.0 = Debug|Any CPU
		{AC308F41-58CA-4D88-A7B0-D02109A808D5}.Release|Any CPU.ActiveCfg = Release|Any CPU
		{AC308F41-58CA-4D88-A7B0-D02109A808D5}.Release|Any CPU.Build.0 = Release|Any CPU
		{1749972B-49E3-4C8D-90B4-EE7A650FFCB9}.Debug|Any CPU.ActiveCfg = Debug|Any CPU
		{1749972B-49E3-4C8D-90B4-EE7A650FFCB9}.Debug|Any CPU.Build.0 = Debug|Any CPU
		{1749972B-49E3-4C8D-90B4-EE7A650FFCB9}.Release|Any CPU.ActiveCfg = Release|Any CPU
		{1749972B-49E3-4C8D-90B4-EE7A650FFCB9}.Release|Any CPU.Build.0 = Release|Any CPU
		{DFF34252-78F3-49EF-890C-9ED8FF3ACD0C}.Debug|Any CPU.ActiveCfg = Debug|Any CPU
		{DFF34252-78F3-49EF-890C-9ED8FF3ACD0C}.Debug|Any CPU.Build.0 = Debug|Any CPU
		{DFF34252-78F3-49EF-890C-9ED8FF3ACD0C}.Release|Any CPU.ActiveCfg = Release|Any CPU
		{DFF34252-78F3-49EF-890C-9ED8FF3ACD0C}.Release|Any CPU.Build.0 = Release|Any CPU
		{BF2ED5B5-807F-46E8-BE6E-D66D02090755}.Debug|Any CPU.ActiveCfg = Debug|Any CPU
		{BF2ED5B5-807F-46E8-BE6E-D66D02090755}.Debug|Any CPU.Build.0 = Debug|Any CPU
		{BF2ED5B5-807F-46E8-BE6E-D66D02090755}.Release|Any CPU.ActiveCfg = Release|Any CPU
		{BF2ED5B5-807F-46E8-BE6E-D66D02090755}.Release|Any CPU.Build.0 = Release|Any CPU
	EndGlobalSection
	GlobalSection(SolutionProperties) = preSolution
		HideSolutionNode = FALSE
	EndGlobalSection
	GlobalSection(ExtensibilityGlobals) = postSolution
		SolutionGuid = {A301FE3C-F31A-4EE8-B012-B2330ACD9878}
	EndGlobalSection
EndGlobal
