
Microsoft Visual Studio Solution File, Format Version 12.00
# Visual Studio 15
VisualStudioVersion = 15.0.28010.2048
MinimumVisualStudioVersion = 10.0.40219.1
Project("{FAE04EC0-301F-11D3-BF4B-00C04F79EFBC}") = "Lab_1", "Lab_1\Lab_1.csproj", "{400B595A-91A8-4023-8A60-F9C76A751B6A}"
EndProject
Project("{FAE04EC0-301F-11D3-BF4B-00C04F79EFBC}") = "Lab_2", "Lab_2\Lab_2.csproj", "{38CCB900-5E93-458F-B3E9-532B0129D0EC}"
EndProject
Global
	GlobalSection(SolutionConfigurationPlatforms) = preSolution
		Debug|Any CPU = Debug|Any CPU
		Release|Any CPU = Release|Any CPU
	EndGlobalSection
	GlobalSection(ProjectConfigurationPlatforms) = postSolution
		{400B595A-91A8-4023-8A60-F9C76A751B6A}.Debug|Any CPU.ActiveCfg = Debug|Any CPU
		{400B595A-91A8-4023-8A60-F9C76A751B6A}.Debug|Any CPU.Build.0 = Debug|Any CPU
		{400B595A-91A8-4023-8A60-F9C76A751B6A}.Release|Any CPU.ActiveCfg = Release|Any CPU
		{400B595A-91A8-4023-8A60-F9C76A751B6A}.Release|Any CPU.Build.0 = Release|Any CPU
		{38CCB900-5E93-458F-B3E9-532B0129D0EC}.Debug|Any CPU.ActiveCfg = Debug|Any CPU
		{38CCB900-5E93-458F-B3E9-532B0129D0EC}.Debug|Any CPU.Build.0 = Debug|Any CPU
		{38CCB900-5E93-458F-B3E9-532B0129D0EC}.Release|Any CPU.ActiveCfg = Release|Any CPU
		{38CCB900-5E93-458F-B3E9-532B0129D0EC}.Release|Any CPU.Build.0 = Release|Any CPU
	EndGlobalSection
	GlobalSection(SolutionProperties) = preSolution
		HideSolutionNode = FALSE
	EndGlobalSection
	GlobalSection(ExtensibilityGlobals) = postSolution
		SolutionGuid = {A301FE3C-F31A-4EE8-B012-B2330ACD9878}
	EndGlobalSection
EndGlobal
